
Microsoft Visual Studio Solution File, Format Version 12.00
# Visual Studio Version 17
VisualStudioVersion = 17.14.36623.8
MinimumVisualStudioVersion = 10.0.40219.1
Project("{FAE04EC0-301F-11D3-BF4B-00C04F79EFBC}") = "BankAccountDemo01", "BankAccountDemo01\BankAccountDemo01.csproj", "{63BD101A-7F65-43C6-A98E-F22A4C19F5E1}"
EndProject
Project("{FAE04EC0-301F-11D3-BF4B-00C04F79EFBC}") = "BankAccountDemo02", "BankAccountDemo02\BankAccountDemo02.csproj", "{ADB99212-BC75-424C-BBF3-0F0B78B87F2C}"
EndProject
Project("{FAE04EC0-301F-11D3-BF4B-00C04F79EFBC}") = "BankAccountDemo03", "BankAccountDemo03\BankAccountDemo03.csproj", "{E68748AF-E04F-4E40-B665-0594C08D93AC}"
EndProject
Project("{FAE04EC0-301F-11D3-BF4B-00C04F79EFBC}") = "BankAccountDemo04", "BankAccountDemo04\BankAccountDemo04.csproj", "{6C3B557C-E8E3-47AF-B68A-25AA06F9EEE7}"
EndProject
Project("{FAE04EC0-301F-11D3-BF4B-00C04F79EFBC}") = "BankAccountDemo05", "BankAccountDemo05\BankAccountDemo05.csproj", "{5EAF6215-3FB8-43DE-BC2E-474CC00BBB51}"
EndProject
Project("{FAE04EC0-301F-11D3-BF4B-00C04F79EFBC}") = "BankAccountDemo06", "BankAccountDemo06\BankAccountDemo06.csproj", "{8EAFC6EF-EBA5-4DEE-B01C-22B5D71503C5}"
EndProject
Project("{FAE04EC0-301F-11D3-BF4B-00C04F79EFBC}") = "BankingDemo01", "BankingDemo01\BankingDemo01.csproj", "{B96A8A68-8009-441C-A4DD-250A74052F15}"
EndProject
Project("{FAE04EC0-301F-11D3-BF4B-00C04F79EFBC}") = "ConceptArchitect.Finance", "ConceptArchitect.Finance\ConceptArchitect.Finance.csproj", "{4D783F4C-1D99-4F97-B082-7EC87753ABB3}"
EndProject
Project("{FAE04EC0-301F-11D3-BF4B-00C04F79EFBC}") = "ConceptArchitect.Utils", "ConceptArchitect.Utils\ConceptArchitect.Utils.csproj", "{6BBED5B9-ECDD-48F1-925F-89E35EDCA5C4}"
EndProject
Project("{FAE04EC0-301F-11D3-BF4B-00C04F79EFBC}") = "TestBankingV1", "TestBankingV1\TestBankingV1.csproj", "{8C604644-66BA-4055-9475-9785687A6F27}"
EndProject
Project("{FAE04EC0-301F-11D3-BF4B-00C04F79EFBC}") = "ConceptArchitect.Finance.V2", "ConceptArchitect.Finance.V2\ConceptArchitect.Finance.V2.csproj", "{EEBB1401-0BA0-48F5-9E4B-D08376125E61}"
EndProject
Project("{FAE04EC0-301F-11D3-BF4B-00C04F79EFBC}") = "ConceptArchitect.Finance.V2.Specs", "ConceptArchitect.Finance.V2.Specs\ConceptArchitect.Finance.V2.Specs.csproj", "{E476B073-EEA1-4D1E-8FE4-1B4B717BF048}"
EndProject
Project("{FAE04EC0-301F-11D3-BF4B-00C04F79EFBC}") = "ConceptArchitect.Finance.V3.Specs", "ConceptArchitect.Finance.V3.Specs\ConceptArchitect.Finance.V3.Specs.csproj", "{018C6A09-79B6-4BBE-8230-240E2F076DF1}"
EndProject
Project("{FAE04EC0-301F-11D3-BF4B-00C04F79EFBC}") = "ConceptArchitect.Finance.V3", "ConceptArchitect.Finance.V3\ConceptArchitect.Finance.V3.csproj", "{42DD5B3D-CB6B-407B-9680-320B592E7AB0}"
EndProject
Global
	GlobalSection(SolutionConfigurationPlatforms) = preSolution
		Debug|Any CPU = Debug|Any CPU
		Debug|x64 = Debug|x64
		Debug|x86 = Debug|x86
		Release|Any CPU = Release|Any CPU
		Release|x64 = Release|x64
		Release|x86 = Release|x86
	EndGlobalSection
	GlobalSection(ProjectConfigurationPlatforms) = postSolution
		{63BD101A-7F65-43C6-A98E-F22A4C19F5E1}.Debug|Any CPU.ActiveCfg = Debug|Any CPU
		{63BD101A-7F65-43C6-A98E-F22A4C19F5E1}.Debug|Any CPU.Build.0 = Debug|Any CPU
		{63BD101A-7F65-43C6-A98E-F22A4C19F5E1}.Debug|x64.ActiveCfg = Debug|Any CPU
		{63BD101A-7F65-43C6-A98E-F22A4C19F5E1}.Debug|x64.Build.0 = Debug|Any CPU
		{63BD101A-7F65-43C6-A98E-F22A4C19F5E1}.Debug|x86.ActiveCfg = Debug|Any CPU
		{63BD101A-7F65-43C6-A98E-F22A4C19F5E1}.Debug|x86.Build.0 = Debug|Any CPU
		{63BD101A-7F65-43C6-A98E-F22A4C19F5E1}.Release|Any CPU.ActiveCfg = Release|Any CPU
		{63BD101A-7F65-43C6-A98E-F22A4C19F5E1}.Release|Any CPU.Build.0 = Release|Any CPU
		{63BD101A-7F65-43C6-A98E-F22A4C19F5E1}.Release|x64.ActiveCfg = Release|Any CPU
		{63BD101A-7F65-43C6-A98E-F22A4C19F5E1}.Release|x64.Build.0 = Release|Any CPU
		{63BD101A-7F65-43C6-A98E-F22A4C19F5E1}.Release|x86.ActiveCfg = Release|Any CPU
		{63BD101A-7F65-43C6-A98E-F22A4C19F5E1}.Release|x86.Build.0 = Release|Any CPU
		{ADB99212-BC75-424C-BBF3-0F0B78B87F2C}.Debug|Any CPU.ActiveCfg = Debug|Any CPU
		{ADB99212-BC75-424C-BBF3-0F0B78B87F2C}.Debug|Any CPU.Build.0 = Debug|Any CPU
		{ADB99212-BC75-424C-BBF3-0F0B78B87F2C}.Debug|x64.ActiveCfg = Debug|Any CPU
		{ADB99212-BC75-424C-BBF3-0F0B78B87F2C}.Debug|x64.Build.0 = Debug|Any CPU
		{ADB99212-BC75-424C-BBF3-0F0B78B87F2C}.Debug|x86.ActiveCfg = Debug|Any CPU
		{ADB99212-BC75-424C-BBF3-0F0B78B87F2C}.Debug|x86.Build.0 = Debug|Any CPU
		{ADB99212-BC75-424C-BBF3-0F0B78B87F2C}.Release|Any CPU.ActiveCfg = Release|Any CPU
		{ADB99212-BC75-424C-BBF3-0F0B78B87F2C}.Release|Any CPU.Build.0 = Release|Any CPU
		{ADB99212-BC75-424C-BBF3-0F0B78B87F2C}.Release|x64.ActiveCfg = Release|Any CPU
		{ADB99212-BC75-424C-BBF3-0F0B78B87F2C}.Release|x64.Build.0 = Release|Any CPU
		{ADB99212-BC75-424C-BBF3-0F0B78B87F2C}.Release|x86.ActiveCfg = Release|Any CPU
		{ADB99212-BC75-424C-BBF3-0F0B78B87F2C}.Release|x86.Build.0 = Release|Any CPU
		{E68748AF-E04F-4E40-B665-0594C08D93AC}.Debug|Any CPU.ActiveCfg = Debug|Any CPU
		{E68748AF-E04F-4E40-B665-0594C08D93AC}.Debug|Any CPU.Build.0 = Debug|Any CPU
		{E68748AF-E04F-4E40-B665-0594C08D93AC}.Debug|x64.ActiveCfg = Debug|Any CPU
		{E68748AF-E04F-4E40-B665-0594C08D93AC}.Debug|x64.Build.0 = Debug|Any CPU
		{E68748AF-E04F-4E40-B665-0594C08D93AC}.Debug|x86.ActiveCfg = Debug|Any CPU
		{E68748AF-E04F-4E40-B665-0594C08D93AC}.Debug|x86.Build.0 = Debug|Any CPU
		{E68748AF-E04F-4E40-B665-0594C08D93AC}.Release|Any CPU.ActiveCfg = Release|Any CPU
		{E68748AF-E04F-4E40-B665-0594C08D93AC}.Release|Any CPU.Build.0 = Release|Any CPU
		{E68748AF-E04F-4E40-B665-0594C08D93AC}.Release|x64.ActiveCfg = Release|Any CPU
		{E68748AF-E04F-4E40-B665-0594C08D93AC}.Release|x64.Build.0 = Release|Any CPU
		{E68748AF-E04F-4E40-B665-0594C08D93AC}.Release|x86.ActiveCfg = Release|Any CPU
		{E68748AF-E04F-4E40-B665-0594C08D93AC}.Release|x86.Build.0 = Release|Any CPU
		{6C3B557C-E8E3-47AF-B68A-25AA06F9EEE7}.Debug|Any CPU.ActiveCfg = Debug|Any CPU
		{6C3B557C-E8E3-47AF-B68A-25AA06F9EEE7}.Debug|Any CPU.Build.0 = Debug|Any CPU
		{6C3B557C-E8E3-47AF-B68A-25AA06F9EEE7}.Debug|x64.ActiveCfg = Debug|Any CPU
		{6C3B557C-E8E3-47AF-B68A-25AA06F9EEE7}.Debug|x64.Build.0 = Debug|Any CPU
		{6C3B557C-E8E3-47AF-B68A-25AA06F9EEE7}.Debug|x86.ActiveCfg = Debug|Any CPU
		{6C3B557C-E8E3-47AF-B68A-25AA06F9EEE7}.Debug|x86.Build.0 = Debug|Any CPU
		{6C3B557C-E8E3-47AF-B68A-25AA06F9EEE7}.Release|Any CPU.ActiveCfg = Release|Any CPU
		{6C3B557C-E8E3-47AF-B68A-25AA06F9EEE7}.Release|Any CPU.Build.0 = Release|Any CPU
		{6C3B557C-E8E3-47AF-B68A-25AA06F9EEE7}.Release|x64.ActiveCfg = Release|Any CPU
		{6C3B557C-E8E3-47AF-B68A-25AA06F9EEE7}.Release|x64.Build.0 = Release|Any CPU
		{6C3B557C-E8E3-47AF-B68A-25AA06F9EEE7}.Release|x86.ActiveCfg = Release|Any CPU
		{6C3B557C-E8E3-47AF-B68A-25AA06F9EEE7}.Release|x86.Build.0 = Release|Any CPU
		{5EAF6215-3FB8-43DE-BC2E-474CC00BBB51}.Debug|Any CPU.ActiveCfg = Debug|Any CPU
		{5EAF6215-3FB8-43DE-BC2E-474CC00BBB51}.Debug|Any CPU.Build.0 = Debug|Any CPU
		{5EAF6215-3FB8-43DE-BC2E-474CC00BBB51}.Debug|x64.ActiveCfg = Debug|Any CPU
		{5EAF6215-3FB8-43DE-BC2E-474CC00BBB51}.Debug|x64.Build.0 = Debug|Any CPU
		{5EAF6215-3FB8-43DE-BC2E-474CC00BBB51}.Debug|x86.ActiveCfg = Debug|Any CPU
		{5EAF6215-3FB8-43DE-BC2E-474CC00BBB51}.Debug|x86.Build.0 = Debug|Any CPU
		{5EAF6215-3FB8-43DE-BC2E-474CC00BBB51}.Release|Any CPU.ActiveCfg = Release|Any CPU
		{5EAF6215-3FB8-43DE-BC2E-474CC00BBB51}.Release|Any CPU.Build.0 = Release|Any CPU
		{5EAF6215-3FB8-43DE-BC2E-474CC00BBB51}.Release|x64.ActiveCfg = Release|Any CPU
		{5EAF6215-3FB8-43DE-BC2E-474CC00BBB51}.Release|x64.Build.0 = Release|Any CPU
		{5EAF6215-3FB8-43DE-BC2E-474CC00BBB51}.Release|x86.ActiveCfg = Release|Any CPU
		{5EAF6215-3FB8-43DE-BC2E-474CC00BBB51}.Release|x86.Build.0 = Release|Any CPU
		{8EAFC6EF-EBA5-4DEE-B01C-22B5D71503C5}.Debug|Any CPU.ActiveCfg = Debug|Any CPU
		{8EAFC6EF-EBA5-4DEE-B01C-22B5D71503C5}.Debug|Any CPU.Build.0 = Debug|Any CPU
		{8EAFC6EF-EBA5-4DEE-B01C-22B5D71503C5}.Debug|x64.ActiveCfg = Debug|Any CPU
		{8EAFC6EF-EBA5-4DEE-B01C-22B5D71503C5}.Debug|x64.Build.0 = Debug|Any CPU
		{8EAFC6EF-EBA5-4DEE-B01C-22B5D71503C5}.Debug|x86.ActiveCfg = Debug|Any CPU
		{8EAFC6EF-EBA5-4DEE-B01C-22B5D71503C5}.Debug|x86.Build.0 = Debug|Any CPU
		{8EAFC6EF-EBA5-4DEE-B01C-22B5D71503C5}.Release|Any CPU.ActiveCfg = Release|Any CPU
		{8EAFC6EF-EBA5-4DEE-B01C-22B5D71503C5}.Release|Any CPU.Build.0 = Release|Any CPU
		{8EAFC6EF-EBA5-4DEE-B01C-22B5D71503C5}.Release|x64.ActiveCfg = Release|Any CPU
		{8EAFC6EF-EBA5-4DEE-B01C-22B5D71503C5}.Release|x64.Build.0 = Release|Any CPU
		{8EAFC6EF-EBA5-4DEE-B01C-22B5D71503C5}.Release|x86.ActiveCfg = Release|Any CPU
		{8EAFC6EF-EBA5-4DEE-B01C-22B5D71503C5}.Release|x86.Build.0 = Release|Any CPU
		{B96A8A68-8009-441C-A4DD-250A74052F15}.Debug|Any CPU.ActiveCfg = Debug|Any CPU
		{B96A8A68-8009-441C-A4DD-250A74052F15}.Debug|Any CPU.Build.0 = Debug|Any CPU
		{B96A8A68-8009-441C-A4DD-250A74052F15}.Debug|x64.ActiveCfg = Debug|Any CPU
		{B96A8A68-8009-441C-A4DD-250A74052F15}.Debug|x64.Build.0 = Debug|Any CPU
		{B96A8A68-8009-441C-A4DD-250A74052F15}.Debug|x86.ActiveCfg = Debug|Any CPU
		{B96A8A68-8009-441C-A4DD-250A74052F15}.Debug|x86.Build.0 = Debug|Any CPU
		{B96A8A68-8009-441C-A4DD-250A74052F15}.Release|Any CPU.ActiveCfg = Release|Any CPU
		{B96A8A68-8009-441C-A4DD-250A74052F15}.Release|Any CPU.Build.0 = Release|Any CPU
		{B96A8A68-8009-441C-A4DD-250A74052F15}.Release|x64.ActiveCfg = Release|Any CPU
		{B96A8A68-8009-441C-A4DD-250A74052F15}.Release|x64.Build.0 = Release|Any CPU
		{B96A8A68-8009-441C-A4DD-250A74052F15}.Release|x86.ActiveCfg = Release|Any CPU
		{B96A8A68-8009-441C-A4DD-250A74052F15}.Release|x86.Build.0 = Release|Any CPU
		{4D783F4C-1D99-4F97-B082-7EC87753ABB3}.Debug|Any CPU.ActiveCfg = Debug|Any CPU
		{4D783F4C-1D99-4F97-B082-7EC87753ABB3}.Debug|Any CPU.Build.0 = Debug|Any CPU
		{4D783F4C-1D99-4F97-B082-7EC87753ABB3}.Debug|x64.ActiveCfg = Debug|Any CPU
		{4D783F4C-1D99-4F97-B082-7EC87753ABB3}.Debug|x64.Build.0 = Debug|Any CPU
		{4D783F4C-1D99-4F97-B082-7EC87753ABB3}.Debug|x86.ActiveCfg = Debug|Any CPU
		{4D783F4C-1D99-4F97-B082-7EC87753ABB3}.Debug|x86.Build.0 = Debug|Any CPU
		{4D783F4C-1D99-4F97-B082-7EC87753ABB3}.Release|Any CPU.ActiveCfg = Release|Any CPU
		{4D783F4C-1D99-4F97-B082-7EC87753ABB3}.Release|Any CPU.Build.0 = Release|Any CPU
		{4D783F4C-1D99-4F97-B082-7EC87753ABB3}.Release|x64.ActiveCfg = Release|Any CPU
		{4D783F4C-1D99-4F97-B082-7EC87753ABB3}.Release|x64.Build.0 = Release|Any CPU
		{4D783F4C-1D99-4F97-B082-7EC87753ABB3}.Release|x86.ActiveCfg = Release|Any CPU
		{4D783F4C-1D99-4F97-B082-7EC87753ABB3}.Release|x86.Build.0 = Release|Any CPU
		{6BBED5B9-ECDD-48F1-925F-89E35EDCA5C4}.Debug|Any CPU.ActiveCfg = Debug|Any CPU
		{6BBED5B9-ECDD-48F1-925F-89E35EDCA5C4}.Debug|Any CPU.Build.0 = Debug|Any CPU
		{6BBED5B9-ECDD-48F1-925F-89E35EDCA5C4}.Debug|x64.ActiveCfg = Debug|Any CPU
		{6BBED5B9-ECDD-48F1-925F-89E35EDCA5C4}.Debug|x64.Build.0 = Debug|Any CPU
		{6BBED5B9-ECDD-48F1-925F-89E35EDCA5C4}.Debug|x86.ActiveCfg = Debug|Any CPU
		{6BBED5B9-ECDD-48F1-925F-89E35EDCA5C4}.Debug|x86.Build.0 = Debug|Any CPU
		{6BBED5B9-ECDD-48F1-925F-89E35EDCA5C4}.Release|Any CPU.ActiveCfg = Release|Any CPU
		{6BBED5B9-ECDD-48F1-925F-89E35EDCA5C4}.Release|Any CPU.Build.0 = Release|Any CPU
		{6BBED5B9-ECDD-48F1-925F-89E35EDCA5C4}.Release|x64.ActiveCfg = Release|Any CPU
		{6BBED5B9-ECDD-48F1-925F-89E35EDCA5C4}.Release|x64.Build.0 = Release|Any CPU
		{6BBED5B9-ECDD-48F1-925F-89E35EDCA5C4}.Release|x86.ActiveCfg = Release|Any CPU
		{6BBED5B9-ECDD-48F1-925F-89E35EDCA5C4}.Release|x86.Build.0 = Release|Any CPU
		{8C604644-66BA-4055-9475-9785687A6F27}.Debug|Any CPU.ActiveCfg = Debug|Any CPU
		{8C604644-66BA-4055-9475-9785687A6F27}.Debug|Any CPU.Build.0 = Debug|Any CPU
		{8C604644-66BA-4055-9475-9785687A6F27}.Debug|x64.ActiveCfg = Debug|Any CPU
		{8C604644-66BA-4055-9475-9785687A6F27}.Debug|x64.Build.0 = Debug|Any CPU
		{8C604644-66BA-4055-9475-9785687A6F27}.Debug|x86.ActiveCfg = Debug|Any CPU
		{8C604644-66BA-4055-9475-9785687A6F27}.Debug|x86.Build.0 = Debug|Any CPU
		{8C604644-66BA-4055-9475-9785687A6F27}.Release|Any CPU.ActiveCfg = Release|Any CPU
		{8C604644-66BA-4055-9475-9785687A6F27}.Release|Any CPU.Build.0 = Release|Any CPU
		{8C604644-66BA-4055-9475-9785687A6F27}.Release|x64.ActiveCfg = Release|Any CPU
		{8C604644-66BA-4055-9475-9785687A6F27}.Release|x64.Build.0 = Release|Any CPU
		{8C604644-66BA-4055-9475-9785687A6F27}.Release|x86.ActiveCfg = Release|Any CPU
		{8C604644-66BA-4055-9475-9785687A6F27}.Release|x86.Build.0 = Release|Any CPU
		{EEBB1401-0BA0-48F5-9E4B-D08376125E61}.Debug|Any CPU.ActiveCfg = Debug|Any CPU
		{EEBB1401-0BA0-48F5-9E4B-D08376125E61}.Debug|Any CPU.Build.0 = Debug|Any CPU
		{EEBB1401-0BA0-48F5-9E4B-D08376125E61}.Debug|x64.ActiveCfg = Debug|Any CPU
		{EEBB1401-0BA0-48F5-9E4B-D08376125E61}.Debug|x64.Build.0 = Debug|Any CPU
		{EEBB1401-0BA0-48F5-9E4B-D08376125E61}.Debug|x86.ActiveCfg = Debug|Any CPU
		{EEBB1401-0BA0-48F5-9E4B-D08376125E61}.Debug|x86.Build.0 = Debug|Any CPU
		{EEBB1401-0BA0-48F5-9E4B-D08376125E61}.Release|Any CPU.ActiveCfg = Release|Any CPU
		{EEBB1401-0BA0-48F5-9E4B-D08376125E61}.Release|Any CPU.Build.0 = Release|Any CPU
		{EEBB1401-0BA0-48F5-9E4B-D08376125E61}.Release|x64.ActiveCfg = Release|Any CPU
		{EEBB1401-0BA0-48F5-9E4B-D08376125E61}.Release|x64.Build.0 = Release|Any CPU
		{EEBB1401-0BA0-48F5-9E4B-D08376125E61}.Release|x86.ActiveCfg = Release|Any CPU
		{EEBB1401-0BA0-48F5-9E4B-D08376125E61}.Release|x86.Build.0 = Release|Any CPU
		{E476B073-EEA1-4D1E-8FE4-1B4B717BF048}.Debug|Any CPU.ActiveCfg = Debug|Any CPU
		{E476B073-EEA1-4D1E-8FE4-1B4B717BF048}.Debug|Any CPU.Build.0 = Debug|Any CPU
		{E476B073-EEA1-4D1E-8FE4-1B4B717BF048}.Debug|x64.ActiveCfg = Debug|Any CPU
		{E476B073-EEA1-4D1E-8FE4-1B4B717BF048}.Debug|x64.Build.0 = Debug|Any CPU
		{E476B073-EEA1-4D1E-8FE4-1B4B717BF048}.Debug|x86.ActiveCfg = Debug|Any CPU
		{E476B073-EEA1-4D1E-8FE4-1B4B717BF048}.Debug|x86.Build.0 = Debug|Any CPU
		{E476B073-EEA1-4D1E-8FE4-1B4B717BF048}.Release|Any CPU.ActiveCfg = Release|Any CPU
		{E476B073-EEA1-4D1E-8FE4-1B4B717BF048}.Release|Any CPU.Build.0 = Release|Any CPU
		{E476B073-EEA1-4D1E-8FE4-1B4B717BF048}.Release|x64.ActiveCfg = Release|Any CPU
		{E476B073-EEA1-4D1E-8FE4-1B4B717BF048}.Release|x64.Build.0 = Release|Any CPU
		{E476B073-EEA1-4D1E-8FE4-1B4B717BF048}.Release|x86.ActiveCfg = Release|Any CPU
		{E476B073-EEA1-4D1E-8FE4-1B4B717BF048}.Release|x86.Build.0 = Release|Any CPU
		{018C6A09-79B6-4BBE-8230-240E2F076DF1}.Debug|Any CPU.ActiveCfg = Debug|Any CPU
		{018C6A09-79B6-4BBE-8230-240E2F076DF1}.Debug|Any CPU.Build.0 = Debug|Any CPU
		{018C6A09-79B6-4BBE-8230-240E2F076DF1}.Debug|x64.ActiveCfg = Debug|Any CPU
		{018C6A09-79B6-4BBE-8230-240E2F076DF1}.Debug|x64.Build.0 = Debug|Any CPU
		{018C6A09-79B6-4BBE-8230-240E2F076DF1}.Debug|x86.ActiveCfg = Debug|Any CPU
		{018C6A09-79B6-4BBE-8230-240E2F076DF1}.Debug|x86.Build.0 = Debug|Any CPU
		{018C6A09-79B6-4BBE-8230-240E2F076DF1}.Release|Any CPU.ActiveCfg = Release|Any CPU
		{018C6A09-79B6-4BBE-8230-240E2F076DF1}.Release|Any CPU.Build.0 = Release|Any CPU
		{018C6A09-79B6-4BBE-8230-240E2F076DF1}.Release|x64.ActiveCfg = Release|Any CPU
		{018C6A09-79B6-4BBE-8230-240E2F076DF1}.Release|x64.Build.0 = Release|Any CPU
		{018C6A09-79B6-4BBE-8230-240E2F076DF1}.Release|x86.ActiveCfg = Release|Any CPU
		{018C6A09-79B6-4BBE-8230-240E2F076DF1}.Release|x86.Build.0 = Release|Any CPU
		{42DD5B3D-CB6B-407B-9680-320B592E7AB0}.Debug|Any CPU.ActiveCfg = Debug|Any CPU
		{42DD5B3D-CB6B-407B-9680-320B592E7AB0}.Debug|Any CPU.Build.0 = Debug|Any CPU
		{42DD5B3D-CB6B-407B-9680-320B592E7AB0}.Debug|x64.ActiveCfg = Debug|Any CPU
		{42DD5B3D-CB6B-407B-9680-320B592E7AB0}.Debug|x64.Build.0 = Debug|Any CPU
		{42DD5B3D-CB6B-407B-9680-320B592E7AB0}.Debug|x86.ActiveCfg = Debug|Any CPU
		{42DD5B3D-CB6B-407B-9680-320B592E7AB0}.Debug|x86.Build.0 = Debug|Any CPU
		{42DD5B3D-CB6B-407B-9680-320B592E7AB0}.Release|Any CPU.ActiveCfg = Release|Any CPU
		{42DD5B3D-CB6B-407B-9680-320B592E7AB0}.Release|Any CPU.Build.0 = Release|Any CPU
		{42DD5B3D-CB6B-407B-9680-320B592E7AB0}.Release|x64.ActiveCfg = Release|Any CPU
		{42DD5B3D-CB6B-407B-9680-320B592E7AB0}.Release|x64.Build.0 = Release|Any CPU
		{42DD5B3D-CB6B-407B-9680-320B592E7AB0}.Release|x86.ActiveCfg = Release|Any CPU
		{42DD5B3D-CB6B-407B-9680-320B592E7AB0}.Release|x86.Build.0 = Release|Any CPU
	EndGlobalSection
	GlobalSection(SolutionProperties) = preSolution
		HideSolutionNode = FALSE
	EndGlobalSection
	GlobalSection(ExtensibilityGlobals) = postSolution
		SolutionGuid = {24E81CA9-3B4B-40F0-B7B4-9C64FBAFCED5}
	EndGlobalSection
EndGlobal
