
Microsoft Visual Studio Solution File, Format Version 12.00
# Visual Studio Version 17
VisualStudioVersion = 17.14.36623.8
MinimumVisualStudioVersion = 10.0.40219.1
Project("{FAE04EC0-301F-11D3-BF4B-00C04F79EFBC}") = "SimpleWeb", "SimpleWeb\SimpleWeb.csproj", "{B95B71E4-E841-46FE-A5AA-1BD61DA5B218}"
EndProject
Project("{FAE04EC0-301F-11D3-BF4B-00C04F79EFBC}") = "WebApplication1", "WebApplication1\WebApplication1.csproj", "{7D3C7B24-1E33-425B-A1F4-3C4B412AB14E}"
EndProject
Global
	GlobalSection(SolutionConfigurationPlatforms) = preSolution
		Debug|Any CPU = Debug|Any CPU
		Release|Any CPU = Release|Any CPU
	EndGlobalSection
	GlobalSection(ProjectConfigurationPlatforms) = postSolution
		{B95B71E4-E841-46FE-A5AA-1BD61DA5B218}.Debug|Any CPU.ActiveCfg = Debug|Any CPU
		{B95B71E4-E841-46FE-A5AA-1BD61DA5B218}.Debug|Any CPU.Build.0 = Debug|Any CPU
		{B95B71E4-E841-46FE-A5AA-1BD61DA5B218}.Release|Any CPU.ActiveCfg = Release|Any CPU
		{B95B71E4-E841-46FE-A5AA-1BD61DA5B218}.Release|Any CPU.Build.0 = Release|Any CPU
		{7D3C7B24-1E33-425B-A1F4-3C4B412AB14E}.Debug|Any CPU.ActiveCfg = Debug|Any CPU
		{7D3C7B24-1E33-425B-A1F4-3C4B412AB14E}.Debug|Any CPU.Build.0 = Debug|Any CPU
		{7D3C7B24-1E33-425B-A1F4-3C4B412AB14E}.Release|Any CPU.ActiveCfg = Release|Any CPU
		{7D3C7B24-1E33-425B-A1F4-3C4B412AB14E}.Release|Any CPU.Build.0 = Release|Any CPU
	EndGlobalSection
	GlobalSection(SolutionProperties) = preSolution
		HideSolutionNode = FALSE
	EndGlobalSection
	GlobalSection(ExtensibilityGlobals) = postSolution
		SolutionGuid = {4C847CC7-E91F-465B-8BBC-FEBECC6008DF}
	EndGlobalSection
EndGlobal
